
Microsoft Visual Studio Solution File, Format Version 12.00
# Visual Studio 15
VisualStudioVersion = 15.0.27428.2043
MinimumVisualStudioVersion = 10.0.40219.1
Project("{FAE04EC0-301F-11D3-BF4B-00C04F79EFBC}") = "AdvanceMVC5_PS", "AdvanceMVC5_PS\AdvanceMVC5_PS.csproj", "{89A2F92C-D635-48E4-A52F-6A2207CE8BC4}"
EndProject
Global
	GlobalSection(SolutionConfigurationPlatforms) = preSolution
		Debug|Any CPU = Debug|Any CPU
		Release|Any CPU = Release|Any CPU
	EndGlobalSection
	GlobalSection(ProjectConfigurationPlatforms) = postSolution
		{89A2F92C-D635-48E4-A52F-6A2207CE8BC4}.Debug|Any CPU.ActiveCfg = Debug|Any CPU
		{89A2F92C-D635-48E4-A52F-6A2207CE8BC4}.Debug|Any CPU.Build.0 = Debug|Any CPU
		{89A2F92C-D635-48E4-A52F-6A2207CE8BC4}.Release|Any CPU.ActiveCfg = Release|Any CPU
		{89A2F92C-D635-48E4-A52F-6A2207CE8BC4}.Release|Any CPU.Build.0 = Release|Any CPU
	EndGlobalSection
	GlobalSection(SolutionProperties) = preSolution
		HideSolutionNode = FALSE
	EndGlobalSection
	GlobalSection(ExtensibilityGlobals) = postSolution
		SolutionGuid = {C461B3AB-4F49-4A21-B933-4353FFFAAD64}
	EndGlobalSection
EndGlobal
